// !$*UTF8*$!
{
	archiveVersion = 1;
	classes = {
	};
	objectVersion = 56;
	objects = {

/* Begin PBXBuildFile section */
		B2DC539729FBAB7E00EF6C43 /* AppDelegate.swift in Sources */ = {isa = PBXBuildFile; fileRef = B2DC539629FBAB7E00EF6C43 /* AppDelegate.swift */; };
		B2DC539B29FBAB7E00EF6C43 /* ViewController.swift in Sources */ = {isa = PBXBuildFile; fileRef = B2DC539A29FBAB7E00EF6C43 /* ViewController.swift */; };
		B2DC53A029FBAB8000EF6C43 /* Assets.xcassets in Resources */ = {isa = PBXBuildFile; fileRef = B2DC539F29FBAB8000EF6C43 /* Assets.xcassets */; };
		B2DC53A329FBAB8000EF6C43 /* LaunchScreen.storyboard in Resources */ = {isa = PBXBuildFile; fileRef = B2DC53A129FBAB8000EF6C43 /* LaunchScreen.storyboard */; };
		B2DC53B129FBAB8600EF6C43 /* BullsEyeTests.swift in Sources */ = {isa = PBXBuildFile; fileRef = B2DC53B029FBAB8600EF6C43 /* BullsEyeTests.swift */; };
		B2DC53BC29FBAF0B00EF6C43 /* Quick in Frameworks */ = {isa = PBXBuildFile; productRef = B2DC53BB29FBAF0B00EF6C43 /* Quick */; };
		B2DC53BF29FBAF1E00EF6C43 /* Hook in Frameworks */ = {isa = PBXBuildFile; productRef = B2DC53BE29FBAF1E00EF6C43 /* Hook */; };
		B2DC53C229FBAF3400EF6C43 /* Then in Frameworks */ = {isa = PBXBuildFile; productRef = B2DC53C129FBAF3400EF6C43 /* Then */; };
		B2DC53C529FBAF6400EF6C43 /* RxCocoa in Frameworks */ = {isa = PBXBuildFile; productRef = B2DC53C429FBAF6400EF6C43 /* RxCocoa */; };
		B2DC53C729FBAF6400EF6C43 /* RxSwift in Frameworks */ = {isa = PBXBuildFile; productRef = B2DC53C629FBAF6400EF6C43 /* RxSwift */; };
		B2DC53CA29FBAF7E00EF6C43 /* ReactorKit in Frameworks */ = {isa = PBXBuildFile; productRef = B2DC53C929FBAF7E00EF6C43 /* ReactorKit */; };
		B2DC53CD29FBB06400EF6C43 /* Record.swift in Sources */ = {isa = PBXBuildFile; fileRef = B2DC53CC29FBB06400EF6C43 /* Record.swift */; };
		B2DC53D129FBB0DF00EF6C43 /* RecordServiceType.swift in Sources */ = {isa = PBXBuildFile; fileRef = B2DC53D029FBB0DF00EF6C43 /* RecordServiceType.swift */; };
		B2DC53D329FBB30600EF6C43 /* RecordService.swift in Sources */ = {isa = PBXBuildFile; fileRef = B2DC53D229FBB30600EF6C43 /* RecordService.swift */; };
		B2DC53D729FBBA7D00EF6C43 /* GameViewReactor.swift in Sources */ = {isa = PBXBuildFile; fileRef = B2DC53D629FBBA7D00EF6C43 /* GameViewReactor.swift */; };
		B2DC53DB29FBC3D000EF6C43 /* BaseView.swift in Sources */ = {isa = PBXBuildFile; fileRef = B2DC53DA29FBC3D000EF6C43 /* BaseView.swift */; };
		B2DC53E329FBC4D600EF6C43 /* PreviewHelper.swift in Sources */ = {isa = PBXBuildFile; fileRef = B2DC53E229FBC4D600EF6C43 /* PreviewHelper.swift */; };
		B2DC53E629FBC56800EF6C43 /* GameView.swift in Sources */ = {isa = PBXBuildFile; fileRef = B2DC53E529FBC56800EF6C43 /* GameView.swift */; };
/* End PBXBuildFile section */

/* Begin PBXContainerItemProxy section */
		B2DC53B229FBAB8600EF6C43 /* PBXContainerItemProxy */ = {
			isa = PBXContainerItemProxy;
			containerPortal = B2DC538B29FBAB7E00EF6C43 /* Project object */;
			proxyType = 1;
			remoteGlobalIDString = B2DC539229FBAB7E00EF6C43;
			remoteInfo = BullsEye;
		};
/* End PBXContainerItemProxy section */

/* Begin PBXFileReference section */
		B2DC539329FBAB7E00EF6C43 /* BullsEye.app */ = {isa = PBXFileReference; explicitFileType = wrapper.application; includeInIndex = 0; path = BullsEye.app; sourceTree = BUILT_PRODUCTS_DIR; };
		B2DC539629FBAB7E00EF6C43 /* AppDelegate.swift */ = {isa = PBXFileReference; lastKnownFileType = sourcecode.swift; path = AppDelegate.swift; sourceTree = "<group>"; };
		B2DC539A29FBAB7E00EF6C43 /* ViewController.swift */ = {isa = PBXFileReference; lastKnownFileType = sourcecode.swift; path = ViewController.swift; sourceTree = "<group>"; };
		B2DC539F29FBAB8000EF6C43 /* Assets.xcassets */ = {isa = PBXFileReference; lastKnownFileType = folder.assetcatalog; path = Assets.xcassets; sourceTree = "<group>"; };
		B2DC53A229FBAB8000EF6C43 /* Base */ = {isa = PBXFileReference; lastKnownFileType = file.storyboard; name = Base; path = Base.lproj/LaunchScreen.storyboard; sourceTree = "<group>"; };
		B2DC53A429FBAB8000EF6C43 /* Info.plist */ = {isa = PBXFileReference; lastKnownFileType = text.plist.xml; path = Info.plist; sourceTree = "<group>"; };
		B2DC53AE29FBAB8600EF6C43 /* BullsEyeTests.xctest */ = {isa = PBXFileReference; explicitFileType = wrapper.cfbundle; includeInIndex = 0; path = BullsEyeTests.xctest; sourceTree = BUILT_PRODUCTS_DIR; };
		B2DC53B029FBAB8600EF6C43 /* BullsEyeTests.swift */ = {isa = PBXFileReference; lastKnownFileType = sourcecode.swift; path = BullsEyeTests.swift; sourceTree = "<group>"; };
		B2DC53CC29FBB06400EF6C43 /* Record.swift */ = {isa = PBXFileReference; lastKnownFileType = sourcecode.swift; path = Record.swift; sourceTree = "<group>"; };
		B2DC53D029FBB0DF00EF6C43 /* RecordServiceType.swift */ = {isa = PBXFileReference; lastKnownFileType = sourcecode.swift; path = RecordServiceType.swift; sourceTree = "<group>"; };
		B2DC53D229FBB30600EF6C43 /* RecordService.swift */ = {isa = PBXFileReference; lastKnownFileType = sourcecode.swift; path = RecordService.swift; sourceTree = "<group>"; };
		B2DC53D629FBBA7D00EF6C43 /* GameViewReactor.swift */ = {isa = PBXFileReference; lastKnownFileType = sourcecode.swift; path = GameViewReactor.swift; sourceTree = "<group>"; };
		B2DC53DA29FBC3D000EF6C43 /* BaseView.swift */ = {isa = PBXFileReference; lastKnownFileType = sourcecode.swift; path = BaseView.swift; sourceTree = "<group>"; };
		B2DC53E229FBC4D600EF6C43 /* PreviewHelper.swift */ = {isa = PBXFileReference; lastKnownFileType = sourcecode.swift; path = PreviewHelper.swift; sourceTree = "<group>"; };
		B2DC53E529FBC56800EF6C43 /* GameView.swift */ = {isa = PBXFileReference; lastKnownFileType = sourcecode.swift; path = GameView.swift; sourceTree = "<group>"; };
/* End PBXFileReference section */

/* Begin PBXFrameworksBuildPhase section */
		B2DC539029FBAB7E00EF6C43 /* Frameworks */ = {
			isa = PBXFrameworksBuildPhase;
			buildActionMask = 2147483647;
			files = (
				B2DC53C529FBAF6400EF6C43 /* RxCocoa in Frameworks */,
				B2DC53BF29FBAF1E00EF6C43 /* Hook in Frameworks */,
				B2DC53C729FBAF6400EF6C43 /* RxSwift in Frameworks */,
				B2DC53CA29FBAF7E00EF6C43 /* ReactorKit in Frameworks */,
				B2DC53C229FBAF3400EF6C43 /* Then in Frameworks */,
			);
			runOnlyForDeploymentPostprocessing = 0;
		};
		B2DC53AB29FBAB8600EF6C43 /* Frameworks */ = {
			isa = PBXFrameworksBuildPhase;
			buildActionMask = 2147483647;
			files = (
				B2DC53BC29FBAF0B00EF6C43 /* Quick in Frameworks */,
			);
			runOnlyForDeploymentPostprocessing = 0;
		};
/* End PBXFrameworksBuildPhase section */

/* Begin PBXGroup section */
		B2DC538A29FBAB7E00EF6C43 = {
			isa = PBXGroup;
			children = (
				B2DC539529FBAB7E00EF6C43 /* BullsEye */,
				B2DC53AF29FBAB8600EF6C43 /* BullsEyeTests */,
				B2DC539429FBAB7E00EF6C43 /* Products */,
			);
			sourceTree = "<group>";
		};
		B2DC539429FBAB7E00EF6C43 /* Products */ = {
			isa = PBXGroup;
			children = (
				B2DC539329FBAB7E00EF6C43 /* BullsEye.app */,
				B2DC53AE29FBAB8600EF6C43 /* BullsEyeTests.xctest */,
			);
			name = Products;
			sourceTree = "<group>";
		};
		B2DC539529FBAB7E00EF6C43 /* BullsEye */ = {
			isa = PBXGroup;
			children = (
				B2DC53B929FBAD5C00EF6C43 /* App */,
				B2DC53B829FBAD5A00EF6C43 /* Sources */,
				B2DC53B729FBAD5400EF6C43 /* Resources */,
			);
			path = BullsEye;
			sourceTree = "<group>";
		};
		B2DC53AF29FBAB8600EF6C43 /* BullsEyeTests */ = {
			isa = PBXGroup;
			children = (
				B2DC53B029FBAB8600EF6C43 /* BullsEyeTests.swift */,
			);
			path = BullsEyeTests;
			sourceTree = "<group>";
		};
		B2DC53B729FBAD5400EF6C43 /* Resources */ = {
			isa = PBXGroup;
			children = (
				B2DC539F29FBAB8000EF6C43 /* Assets.xcassets */,
				B2DC53A129FBAB8000EF6C43 /* LaunchScreen.storyboard */,
				B2DC53A429FBAB8000EF6C43 /* Info.plist */,
			);
			path = Resources;
			sourceTree = "<group>";
		};
		B2DC53B829FBAD5A00EF6C43 /* Sources */ = {
			isa = PBXGroup;
			children = (
				B2DC53CE29FBB0D000EF6C43 /* Services */,
				B2DC53D429FBBA4600EF6C43 /* Scenes */,
				B2DC53DC29FBC3D300EF6C43 /* Base */,
				B2DC53E029FBC47500EF6C43 /* Helper */,
				B2DC53CB29FBB05800EF6C43 /* Model */,
				B2DC539A29FBAB7E00EF6C43 /* ViewController.swift */,
			);
			path = Sources;
			sourceTree = "<group>";
		};
		B2DC53B929FBAD5C00EF6C43 /* App */ = {
			isa = PBXGroup;
			children = (
				B2DC539629FBAB7E00EF6C43 /* AppDelegate.swift */,
			);
			path = App;
			sourceTree = "<group>";
		};
		B2DC53CB29FBB05800EF6C43 /* Model */ = {
			isa = PBXGroup;
			children = (
				B2DC53CC29FBB06400EF6C43 /* Record.swift */,
			);
			path = Model;
			sourceTree = "<group>";
		};
		B2DC53CE29FBB0D000EF6C43 /* Services */ = {
			isa = PBXGroup;
			children = (
				B2DC53CF29FBB0D500EF6C43 /* RecordService */,
			);
			path = Services;
			sourceTree = "<group>";
		};
		B2DC53CF29FBB0D500EF6C43 /* RecordService */ = {
			isa = PBXGroup;
			children = (
				B2DC53D029FBB0DF00EF6C43 /* RecordServiceType.swift */,
				B2DC53D229FBB30600EF6C43 /* RecordService.swift */,
			);
			path = RecordService;
			sourceTree = "<group>";
		};
		B2DC53D429FBBA4600EF6C43 /* Scenes */ = {
			isa = PBXGroup;
			children = (
				B2DC53D529FBBA6700EF6C43 /* Game */,
			);
			path = Scenes;
			sourceTree = "<group>";
		};
		B2DC53D529FBBA6700EF6C43 /* Game */ = {
			isa = PBXGroup;
			children = (
				B2DC53E429FBC56000EF6C43 /* Views */,
				B2DC53D629FBBA7D00EF6C43 /* GameViewReactor.swift */,
			);
			path = Game;
			sourceTree = "<group>";
		};
		B2DC53DC29FBC3D300EF6C43 /* Base */ = {
			isa = PBXGroup;
			children = (
				B2DC53DA29FBC3D000EF6C43 /* BaseView.swift */,
			);
			path = Base;
			sourceTree = "<group>";
		};
		B2DC53E029FBC47500EF6C43 /* Helper */ = {
			isa = PBXGroup;
			children = (
				B2DC53E129FBC4C900EF6C43 /* PreviewHelper */,
			);
			path = Helper;
			sourceTree = "<group>";
		};
		B2DC53E129FBC4C900EF6C43 /* PreviewHelper */ = {
			isa = PBXGroup;
			children = (
				B2DC53E229FBC4D600EF6C43 /* PreviewHelper.swift */,
			);
			path = PreviewHelper;
			sourceTree = "<group>";
		};
		B2DC53E429FBC56000EF6C43 /* Views */ = {
			isa = PBXGroup;
			children = (
				B2DC53E529FBC56800EF6C43 /* GameView.swift */,
			);
			path = Views;
			sourceTree = "<group>";
		};
/* End PBXGroup section */

/* Begin PBXNativeTarget section */
		B2DC539229FBAB7E00EF6C43 /* BullsEye */ = {
			isa = PBXNativeTarget;
			buildConfigurationList = B2DC53A729FBAB8000EF6C43 /* Build configuration list for PBXNativeTarget "BullsEye" */;
			buildPhases = (
				B2DC538F29FBAB7E00EF6C43 /* Sources */,
				B2DC539029FBAB7E00EF6C43 /* Frameworks */,
				B2DC539129FBAB7E00EF6C43 /* Resources */,
			);
			buildRules = (
			);
			dependencies = (
			);
			name = BullsEye;
			packageProductDependencies = (
				B2DC53BE29FBAF1E00EF6C43 /* Hook */,
				B2DC53C129FBAF3400EF6C43 /* Then */,
				B2DC53C429FBAF6400EF6C43 /* RxCocoa */,
				B2DC53C629FBAF6400EF6C43 /* RxSwift */,
				B2DC53C929FBAF7E00EF6C43 /* ReactorKit */,
			);
			productName = BullsEye;
			productReference = B2DC539329FBAB7E00EF6C43 /* BullsEye.app */;
			productType = "com.apple.product-type.application";
		};
		B2DC53AD29FBAB8600EF6C43 /* BullsEyeTests */ = {
			isa = PBXNativeTarget;
			buildConfigurationList = B2DC53B429FBAB8600EF6C43 /* Build configuration list for PBXNativeTarget "BullsEyeTests" */;
			buildPhases = (
				B2DC53AA29FBAB8600EF6C43 /* Sources */,
				B2DC53AB29FBAB8600EF6C43 /* Frameworks */,
				B2DC53AC29FBAB8600EF6C43 /* Resources */,
			);
			buildRules = (
			);
			dependencies = (
				B2DC53B329FBAB8600EF6C43 /* PBXTargetDependency */,
			);
			name = BullsEyeTests;
			packageProductDependencies = (
				B2DC53BB29FBAF0B00EF6C43 /* Quick */,
			);
			productName = BullsEyeTests;
			productReference = B2DC53AE29FBAB8600EF6C43 /* BullsEyeTests.xctest */;
			productType = "com.apple.product-type.bundle.unit-test";
		};
/* End PBXNativeTarget section */

/* Begin PBXProject section */
		B2DC538B29FBAB7E00EF6C43 /* Project object */ = {
			isa = PBXProject;
			attributes = {
				BuildIndependentTargetsInParallel = 1;
				LastSwiftUpdateCheck = 1430;
				LastUpgradeCheck = 1430;
				TargetAttributes = {
					B2DC539229FBAB7E00EF6C43 = {
						CreatedOnToolsVersion = 14.3;
					};
					B2DC53AD29FBAB8600EF6C43 = {
						CreatedOnToolsVersion = 14.3;
						TestTargetID = B2DC539229FBAB7E00EF6C43;
					};
				};
			};
			buildConfigurationList = B2DC538E29FBAB7E00EF6C43 /* Build configuration list for PBXProject "BullsEye" */;
			compatibilityVersion = "Xcode 14.0";
			developmentRegion = en;
			hasScannedForEncodings = 0;
			knownRegions = (
				en,
				Base,
			);
			mainGroup = B2DC538A29FBAB7E00EF6C43;
			packageReferences = (
				B2DC53BA29FBAF0B00EF6C43 /* XCRemoteSwiftPackageReference "Quick" */,
				B2DC53BD29FBAF1E00EF6C43 /* XCRemoteSwiftPackageReference "Hook" */,
				B2DC53C029FBAF3400EF6C43 /* XCRemoteSwiftPackageReference "Then" */,
				B2DC53C329FBAF6400EF6C43 /* XCRemoteSwiftPackageReference "RxSwift" */,
				B2DC53C829FBAF7E00EF6C43 /* XCRemoteSwiftPackageReference "ReactorKit" */,
			);
			productRefGroup = B2DC539429FBAB7E00EF6C43 /* Products */;
			projectDirPath = "";
			projectRoot = "";
			targets = (
				B2DC539229FBAB7E00EF6C43 /* BullsEye */,
				B2DC53AD29FBAB8600EF6C43 /* BullsEyeTests */,
			);
		};
/* End PBXProject section */

/* Begin PBXResourcesBuildPhase section */
		B2DC539129FBAB7E00EF6C43 /* Resources */ = {
			isa = PBXResourcesBuildPhase;
			buildActionMask = 2147483647;
			files = (
				B2DC53A329FBAB8000EF6C43 /* LaunchScreen.storyboard in Resources */,
				B2DC53A029FBAB8000EF6C43 /* Assets.xcassets in Resources */,
			);
			runOnlyForDeploymentPostprocessing = 0;
		};
		B2DC53AC29FBAB8600EF6C43 /* Resources */ = {
			isa = PBXResourcesBuildPhase;
			buildActionMask = 2147483647;
			files = (
			);
			runOnlyForDeploymentPostprocessing = 0;
		};
/* End PBXResourcesBuildPhase section */

/* Begin PBXSourcesBuildPhase section */
		B2DC538F29FBAB7E00EF6C43 /* Sources */ = {
			isa = PBXSourcesBuildPhase;
			buildActionMask = 2147483647;
			files = (
				B2DC53E329FBC4D600EF6C43 /* PreviewHelper.swift in Sources */,
				B2DC53D129FBB0DF00EF6C43 /* RecordServiceType.swift in Sources */,
				B2DC539B29FBAB7E00EF6C43 /* ViewController.swift in Sources */,
				B2DC539729FBAB7E00EF6C43 /* AppDelegate.swift in Sources */,
				B2DC53E629FBC56800EF6C43 /* GameView.swift in Sources */,
				B2DC53D729FBBA7D00EF6C43 /* GameViewReactor.swift in Sources */,
				B2DC53DB29FBC3D000EF6C43 /* BaseView.swift in Sources */,
				B2DC53CD29FBB06400EF6C43 /* Record.swift in Sources */,
				B2DC53D329FBB30600EF6C43 /* RecordService.swift in Sources */,
			);
			runOnlyForDeploymentPostprocessing = 0;
		};
		B2DC53AA29FBAB8600EF6C43 /* Sources */ = {
			isa = PBXSourcesBuildPhase;
			buildActionMask = 2147483647;
			files = (
				B2DC53B129FBAB8600EF6C43 /* BullsEyeTests.swift in Sources */,
			);
			runOnlyForDeploymentPostprocessing = 0;
		};
/* End PBXSourcesBuildPhase section */

/* Begin PBXTargetDependency section */
		B2DC53B329FBAB8600EF6C43 /* PBXTargetDependency */ = {
			isa = PBXTargetDependency;
			target = B2DC539229FBAB7E00EF6C43 /* BullsEye */;
			targetProxy = B2DC53B229FBAB8600EF6C43 /* PBXContainerItemProxy */;
		};
/* End PBXTargetDependency section */

/* Begin PBXVariantGroup section */
		B2DC53A129FBAB8000EF6C43 /* LaunchScreen.storyboard */ = {
			isa = PBXVariantGroup;
			children = (
				B2DC53A229FBAB8000EF6C43 /* Base */,
			);
			name = LaunchScreen.storyboard;
			sourceTree = "<group>";
		};
/* End PBXVariantGroup section */

/* Begin XCBuildConfiguration section */
		B2DC53A529FBAB8000EF6C43 /* Debug */ = {
			isa = XCBuildConfiguration;
			buildSettings = {
				ALWAYS_SEARCH_USER_PATHS = NO;
				CLANG_ANALYZER_NONNULL = YES;
				CLANG_ANALYZER_NUMBER_OBJECT_CONVERSION = YES_AGGRESSIVE;
				CLANG_CXX_LANGUAGE_STANDARD = "gnu++20";
				CLANG_ENABLE_MODULES = YES;
				CLANG_ENABLE_OBJC_ARC = YES;
				CLANG_ENABLE_OBJC_WEAK = YES;
				CLANG_WARN_BLOCK_CAPTURE_AUTORELEASING = YES;
				CLANG_WARN_BOOL_CONVERSION = YES;
				CLANG_WARN_COMMA = YES;
				CLANG_WARN_CONSTANT_CONVERSION = YES;
				CLANG_WARN_DEPRECATED_OBJC_IMPLEMENTATIONS = YES;
				CLANG_WARN_DIRECT_OBJC_ISA_USAGE = YES_ERROR;
				CLANG_WARN_DOCUMENTATION_COMMENTS = YES;
				CLANG_WARN_EMPTY_BODY = YES;
				CLANG_WARN_ENUM_CONVERSION = YES;
				CLANG_WARN_INFINITE_RECURSION = YES;
				CLANG_WARN_INT_CONVERSION = YES;
				CLANG_WARN_NON_LITERAL_NULL_CONVERSION = YES;
				CLANG_WARN_OBJC_IMPLICIT_RETAIN_SELF = YES;
				CLANG_WARN_OBJC_LITERAL_CONVERSION = YES;
				CLANG_WARN_OBJC_ROOT_CLASS = YES_ERROR;
				CLANG_WARN_QUOTED_INCLUDE_IN_FRAMEWORK_HEADER = YES;
				CLANG_WARN_RANGE_LOOP_ANALYSIS = YES;
				CLANG_WARN_STRICT_PROTOTYPES = YES;
				CLANG_WARN_SUSPICIOUS_MOVE = YES;
				CLANG_WARN_UNGUARDED_AVAILABILITY = YES_AGGRESSIVE;
				CLANG_WARN_UNREACHABLE_CODE = YES;
				CLANG_WARN__DUPLICATE_METHOD_MATCH = YES;
				COPY_PHASE_STRIP = NO;
				DEBUG_INFORMATION_FORMAT = dwarf;
				ENABLE_STRICT_OBJC_MSGSEND = YES;
				ENABLE_TESTABILITY = YES;
				GCC_C_LANGUAGE_STANDARD = gnu11;
				GCC_DYNAMIC_NO_PIC = NO;
				GCC_NO_COMMON_BLOCKS = YES;
				GCC_OPTIMIZATION_LEVEL = 0;
				GCC_PREPROCESSOR_DEFINITIONS = (
					"DEBUG=1",
					"$(inherited)",
				);
				GCC_WARN_64_TO_32_BIT_CONVERSION = YES;
				GCC_WARN_ABOUT_RETURN_TYPE = YES_ERROR;
				GCC_WARN_UNDECLARED_SELECTOR = YES;
				GCC_WARN_UNINITIALIZED_AUTOS = YES_AGGRESSIVE;
				GCC_WARN_UNUSED_FUNCTION = YES;
				GCC_WARN_UNUSED_VARIABLE = YES;
				IPHONEOS_DEPLOYMENT_TARGET = 15.0;
				MTL_ENABLE_DEBUG_INFO = INCLUDE_SOURCE;
				MTL_FAST_MATH = YES;
				ONLY_ACTIVE_ARCH = YES;
				SDKROOT = iphoneos;
				SWIFT_ACTIVE_COMPILATION_CONDITIONS = DEBUG;
				SWIFT_OPTIMIZATION_LEVEL = "-Onone";
			};
			name = Debug;
		};
		B2DC53A629FBAB8000EF6C43 /* Release */ = {
			isa = XCBuildConfiguration;
			buildSettings = {
				ALWAYS_SEARCH_USER_PATHS = NO;
				CLANG_ANALYZER_NONNULL = YES;
				CLANG_ANALYZER_NUMBER_OBJECT_CONVERSION = YES_AGGRESSIVE;
				CLANG_CXX_LANGUAGE_STANDARD = "gnu++20";
				CLANG_ENABLE_MODULES = YES;
				CLANG_ENABLE_OBJC_ARC = YES;
				CLANG_ENABLE_OBJC_WEAK = YES;
				CLANG_WARN_BLOCK_CAPTURE_AUTORELEASING = YES;
				CLANG_WARN_BOOL_CONVERSION = YES;
				CLANG_WARN_COMMA = YES;
				CLANG_WARN_CONSTANT_CONVERSION = YES;
				CLANG_WARN_DEPRECATED_OBJC_IMPLEMENTATIONS = YES;
				CLANG_WARN_DIRECT_OBJC_ISA_USAGE = YES_ERROR;
				CLANG_WARN_DOCUMENTATION_COMMENTS = YES;
				CLANG_WARN_EMPTY_BODY = YES;
				CLANG_WARN_ENUM_CONVERSION = YES;
				CLANG_WARN_INFINITE_RECURSION = YES;
				CLANG_WARN_INT_CONVERSION = YES;
				CLANG_WARN_NON_LITERAL_NULL_CONVERSION = YES;
				CLANG_WARN_OBJC_IMPLICIT_RETAIN_SELF = YES;
				CLANG_WARN_OBJC_LITERAL_CONVERSION = YES;
				CLANG_WARN_OBJC_ROOT_CLASS = YES_ERROR;
				CLANG_WARN_QUOTED_INCLUDE_IN_FRAMEWORK_HEADER = YES;
				CLANG_WARN_RANGE_LOOP_ANALYSIS = YES;
				CLANG_WARN_STRICT_PROTOTYPES = YES;
				CLANG_WARN_SUSPICIOUS_MOVE = YES;
				CLANG_WARN_UNGUARDED_AVAILABILITY = YES_AGGRESSIVE;
				CLANG_WARN_UNREACHABLE_CODE = YES;
				CLANG_WARN__DUPLICATE_METHOD_MATCH = YES;
				COPY_PHASE_STRIP = NO;
				DEBUG_INFORMATION_FORMAT = "dwarf-with-dsym";
				ENABLE_NS_ASSERTIONS = NO;
				ENABLE_STRICT_OBJC_MSGSEND = YES;
				GCC_C_LANGUAGE_STANDARD = gnu11;
				GCC_NO_COMMON_BLOCKS = YES;
				GCC_WARN_64_TO_32_BIT_CONVERSION = YES;
				GCC_WARN_ABOUT_RETURN_TYPE = YES_ERROR;
				GCC_WARN_UNDECLARED_SELECTOR = YES;
				GCC_WARN_UNINITIALIZED_AUTOS = YES_AGGRESSIVE;
				GCC_WARN_UNUSED_FUNCTION = YES;
				GCC_WARN_UNUSED_VARIABLE = YES;
				IPHONEOS_DEPLOYMENT_TARGET = 15.0;
				MTL_ENABLE_DEBUG_INFO = NO;
				MTL_FAST_MATH = YES;
				SDKROOT = iphoneos;
				SWIFT_COMPILATION_MODE = wholemodule;
				SWIFT_OPTIMIZATION_LEVEL = "-O";
				VALIDATE_PRODUCT = YES;
			};
			name = Release;
		};
		B2DC53A829FBAB8000EF6C43 /* Debug */ = {
			isa = XCBuildConfiguration;
			buildSettings = {
				ASSETCATALOG_COMPILER_APPICON_NAME = AppIcon;
				ASSETCATALOG_COMPILER_GLOBAL_ACCENT_COLOR_NAME = AccentColor;
				CODE_SIGN_STYLE = Automatic;
				CURRENT_PROJECT_VERSION = 1;
				GENERATE_INFOPLIST_FILE = YES;
				INFOPLIST_FILE = BullsEye/Resources/Info.plist;
				INFOPLIST_KEY_UIApplicationSupportsIndirectInputEvents = YES;
				INFOPLIST_KEY_UILaunchStoryboardName = LaunchScreen;
				INFOPLIST_KEY_UISupportedInterfaceOrientations_iPad = "UIInterfaceOrientationPortrait UIInterfaceOrientationPortraitUpsideDown UIInterfaceOrientationLandscapeLeft UIInterfaceOrientationLandscapeRight";
				INFOPLIST_KEY_UISupportedInterfaceOrientations_iPhone = "UIInterfaceOrientationPortrait UIInterfaceOrientationLandscapeLeft UIInterfaceOrientationLandscapeRight";
				IPHONEOS_DEPLOYMENT_TARGET = 15.0;
				LD_RUNPATH_SEARCH_PATHS = (
					"$(inherited)",
					"@executable_path/Frameworks",
				);
				MARKETING_VERSION = 1.0;
				PRODUCT_BUNDLE_IDENTIFIER = io.github.lyfeoncloudnine.BullsEye;
				PRODUCT_NAME = "$(TARGET_NAME)";
				SWIFT_EMIT_LOC_STRINGS = YES;
				SWIFT_VERSION = 5.0;
				TARGETED_DEVICE_FAMILY = "1,2";
			};
			name = Debug;
		};
		B2DC53A929FBAB8000EF6C43 /* Release */ = {
			isa = XCBuildConfiguration;
			buildSettings = {
				ASSETCATALOG_COMPILER_APPICON_NAME = AppIcon;
				ASSETCATALOG_COMPILER_GLOBAL_ACCENT_COLOR_NAME = AccentColor;
				CODE_SIGN_STYLE = Automatic;
				CURRENT_PROJECT_VERSION = 1;
				GENERATE_INFOPLIST_FILE = YES;
				INFOPLIST_FILE = BullsEye/Resources/Info.plist;
				INFOPLIST_KEY_UIApplicationSupportsIndirectInputEvents = YES;
				INFOPLIST_KEY_UILaunchStoryboardName = LaunchScreen;
				INFOPLIST_KEY_UISupportedInterfaceOrientations_iPad = "UIInterfaceOrientationPortrait UIInterfaceOrientationPortraitUpsideDown UIInterfaceOrientationLandscapeLeft UIInterfaceOrientationLandscapeRight";
				INFOPLIST_KEY_UISupportedInterfaceOrientations_iPhone = "UIInterfaceOrientationPortrait UIInterfaceOrientationLandscapeLeft UIInterfaceOrientationLandscapeRight";
				IPHONEOS_DEPLOYMENT_TARGET = 15.0;
				LD_RUNPATH_SEARCH_PATHS = (
					"$(inherited)",
					"@executable_path/Frameworks",
				);
				MARKETING_VERSION = 1.0;
				PRODUCT_BUNDLE_IDENTIFIER = io.github.lyfeoncloudnine.BullsEye;
				PRODUCT_NAME = "$(TARGET_NAME)";
				SWIFT_EMIT_LOC_STRINGS = YES;
				SWIFT_VERSION = 5.0;
				TARGETED_DEVICE_FAMILY = "1,2";
			};
			name = Release;
		};
		B2DC53B529FBAB8600EF6C43 /* Debug */ = {
			isa = XCBuildConfiguration;
			buildSettings = {
				BUNDLE_LOADER = "$(TEST_HOST)";
				CODE_SIGN_STYLE = Automatic;
				CURRENT_PROJECT_VERSION = 1;
				GENERATE_INFOPLIST_FILE = YES;
				MARKETING_VERSION = 1.0;
				PRODUCT_BUNDLE_IDENTIFIER = io.github.lyfeoncloudnine.BullsEyeTests;
				PRODUCT_NAME = "$(TARGET_NAME)";
				SWIFT_EMIT_LOC_STRINGS = NO;
				SWIFT_VERSION = 5.0;
				TARGETED_DEVICE_FAMILY = "1,2";
				TEST_HOST = "$(BUILT_PRODUCTS_DIR)/BullsEye.app/$(BUNDLE_EXECUTABLE_FOLDER_PATH)/BullsEye";
			};
			name = Debug;
		};
		B2DC53B629FBAB8600EF6C43 /* Release */ = {
			isa = XCBuildConfiguration;
			buildSettings = {
				BUNDLE_LOADER = "$(TEST_HOST)";
				CODE_SIGN_STYLE = Automatic;
				CURRENT_PROJECT_VERSION = 1;
				GENERATE_INFOPLIST_FILE = YES;
				MARKETING_VERSION = 1.0;
				PRODUCT_BUNDLE_IDENTIFIER = io.github.lyfeoncloudnine.BullsEyeTests;
				PRODUCT_NAME = "$(TARGET_NAME)";
				SWIFT_EMIT_LOC_STRINGS = NO;
				SWIFT_VERSION = 5.0;
				TARGETED_DEVICE_FAMILY = "1,2";
				TEST_HOST = "$(BUILT_PRODUCTS_DIR)/BullsEye.app/$(BUNDLE_EXECUTABLE_FOLDER_PATH)/BullsEye";
			};
			name = Release;
		};
/* End XCBuildConfiguration section */

/* Begin XCConfigurationList section */
		B2DC538E29FBAB7E00EF6C43 /* Build configuration list for PBXProject "BullsEye" */ = {
			isa = XCConfigurationList;
			buildConfigurations = (
				B2DC53A529FBAB8000EF6C43 /* Debug */,
				B2DC53A629FBAB8000EF6C43 /* Release */,
			);
			defaultConfigurationIsVisible = 0;
			defaultConfigurationName = Release;
		};
		B2DC53A729FBAB8000EF6C43 /* Build configuration list for PBXNativeTarget "BullsEye" */ = {
			isa = XCConfigurationList;
			buildConfigurations = (
				B2DC53A829FBAB8000EF6C43 /* Debug */,
				B2DC53A929FBAB8000EF6C43 /* Release */,
			);
			defaultConfigurationIsVisible = 0;
			defaultConfigurationName = Release;
		};
		B2DC53B429FBAB8600EF6C43 /* Build configuration list for PBXNativeTarget "BullsEyeTests" */ = {
			isa = XCConfigurationList;
			buildConfigurations = (
				B2DC53B529FBAB8600EF6C43 /* Debug */,
				B2DC53B629FBAB8600EF6C43 /* Release */,
			);
			defaultConfigurationIsVisible = 0;
			defaultConfigurationName = Release;
		};
/* End XCConfigurationList section */

/* Begin XCRemoteSwiftPackageReference section */
		B2DC53BA29FBAF0B00EF6C43 /* XCRemoteSwiftPackageReference "Quick" */ = {
			isa = XCRemoteSwiftPackageReference;
			repositoryURL = "https://github.com/Quick/Quick";
			requirement = {
				kind = upToNextMajorVersion;
				minimumVersion = 6.1.0;
			};
		};
		B2DC53BD29FBAF1E00EF6C43 /* XCRemoteSwiftPackageReference "Hook" */ = {
			isa = XCRemoteSwiftPackageReference;
			repositoryURL = "https://github.com/lyfeoncloudnine/Hook";
			requirement = {
				kind = upToNextMajorVersion;
				minimumVersion = 1.0.0;
			};
		};
		B2DC53C029FBAF3400EF6C43 /* XCRemoteSwiftPackageReference "Then" */ = {
			isa = XCRemoteSwiftPackageReference;
			repositoryURL = "https://github.com/devxoul/Then";
			requirement = {
				kind = upToNextMajorVersion;
				minimumVersion = 3.0.0;
			};
		};
		B2DC53C329FBAF6400EF6C43 /* XCRemoteSwiftPackageReference "RxSwift" */ = {
			isa = XCRemoteSwiftPackageReference;
			repositoryURL = "https://github.com/ReactiveX/RxSwift";
			requirement = {
				kind = upToNextMajorVersion;
				minimumVersion = 6.0.0;
			};
		};
		B2DC53C829FBAF7E00EF6C43 /* XCRemoteSwiftPackageReference "ReactorKit" */ = {
			isa = XCRemoteSwiftPackageReference;
			repositoryURL = "https://github.com/ReactorKit/ReactorKit";
			requirement = {
				kind = upToNextMajorVersion;
				minimumVersion = 3.0.0;
			};
		};
/* End XCRemoteSwiftPackageReference section */

/* Begin XCSwiftPackageProductDependency section */
		B2DC53BB29FBAF0B00EF6C43 /* Quick */ = {
			isa = XCSwiftPackageProductDependency;
			package = B2DC53BA29FBAF0B00EF6C43 /* XCRemoteSwiftPackageReference "Quick" */;
			productName = Quick;
		};
		B2DC53BE29FBAF1E00EF6C43 /* Hook */ = {
			isa = XCSwiftPackageProductDependency;
			package = B2DC53BD29FBAF1E00EF6C43 /* XCRemoteSwiftPackageReference "Hook" */;
			productName = Hook;
		};
		B2DC53C129FBAF3400EF6C43 /* Then */ = {
			isa = XCSwiftPackageProductDependency;
			package = B2DC53C029FBAF3400EF6C43 /* XCRemoteSwiftPackageReference "Then" */;
			productName = Then;
		};
		B2DC53C429FBAF6400EF6C43 /* RxCocoa */ = {
			isa = XCSwiftPackageProductDependency;
			package = B2DC53C329FBAF6400EF6C43 /* XCRemoteSwiftPackageReference "RxSwift" */;
			productName = RxCocoa;
		};
		B2DC53C629FBAF6400EF6C43 /* RxSwift */ = {
			isa = XCSwiftPackageProductDependency;
			package = B2DC53C329FBAF6400EF6C43 /* XCRemoteSwiftPackageReference "RxSwift" */;
			productName = RxSwift;
		};
		B2DC53C929FBAF7E00EF6C43 /* ReactorKit */ = {
			isa = XCSwiftPackageProductDependency;
			package = B2DC53C829FBAF7E00EF6C43 /* XCRemoteSwiftPackageReference "ReactorKit" */;
			productName = ReactorKit;
		};
/* End XCSwiftPackageProductDependency section */
	};
	rootObject = B2DC538B29FBAB7E00EF6C43 /* Project object */;
}
